
Microsoft Visual Studio Solution File, Format Version 12.00
# Visual Studio Version 17
VisualStudioVersion = 17.8.34408.163
MinimumVisualStudioVersion = 10.0.40219.1
Project("{FAE04EC0-301F-11D3-BF4B-00C04F79EFBC}") = "FinalAssesment", "FinalAssesment.csproj", "{856E6F3C-40D6-40F4-8402-0074F3F41FCD}"
EndProject
Global
	GlobalSection(SolutionConfigurationPlatforms) = preSolution
		Debug|Any CPU = Debug|Any CPU
		Release|Any CPU = Release|Any CPU
	EndGlobalSection
	GlobalSection(ProjectConfigurationPlatforms) = postSolution
		{856E6F3C-40D6-40F4-8402-0074F3F41FCD}.Debug|Any CPU.ActiveCfg = Debug|Any CPU
		{856E6F3C-40D6-40F4-8402-0074F3F41FCD}.Debug|Any CPU.Build.0 = Debug|Any CPU
		{856E6F3C-40D6-40F4-8402-0074F3F41FCD}.Release|Any CPU.ActiveCfg = Release|Any CPU
		{856E6F3C-40D6-40F4-8402-0074F3F41FCD}.Release|Any CPU.Build.0 = Release|Any CPU
	EndGlobalSection
	GlobalSection(SolutionProperties) = preSolution
		HideSolutionNode = FALSE
	EndGlobalSection
	GlobalSection(ExtensibilityGlobals) = postSolution
		SolutionGuid = {C8B9CD1D-EF43-4C91-AD79-441E1D758EA2}
	EndGlobalSection
EndGlobal
