
Microsoft Visual Studio Solution File, Format Version 12.00
# Visual Studio Version 17
VisualStudioVersion = 17.8.34408.163
MinimumVisualStudioVersion = 10.0.40219.1
Project("{9A19103F-16F7-4668-BE54-9A1E7A4F7556}") = "TokenAuth", "TokenAuth.csproj", "{B049AB6C-4EB7-4C86-B31B-13A40ADCA9B6}"
EndProject
Project("{FAE04EC0-301F-11D3-BF4B-00C04F79EFBC}") = "Management.Service", "..\Management.Service\Management.Service.csproj", "{869DF965-64FB-48BC-AD1F-8096860A8ED8}"
EndProject
Project("{FAE04EC0-301F-11D3-BF4B-00C04F79EFBC}") = "Management.Repository", "..\Management.Repository\Management.Repository.csproj", "{DC576F04-406A-426C-83BD-88951334DA22}"
EndProject
Global
	GlobalSection(SolutionConfigurationPlatforms) = preSolution
		Debug|Any CPU = Debug|Any CPU
		Release|Any CPU = Release|Any CPU
	EndGlobalSection
	GlobalSection(ProjectConfigurationPlatforms) = postSolution
		{B049AB6C-4EB7-4C86-B31B-13A40ADCA9B6}.Debug|Any CPU.ActiveCfg = Debug|Any CPU
		{B049AB6C-4EB7-4C86-B31B-13A40ADCA9B6}.Debug|Any CPU.Build.0 = Debug|Any CPU
		{B049AB6C-4EB7-4C86-B31B-13A40ADCA9B6}.Release|Any CPU.ActiveCfg = Release|Any CPU
		{B049AB6C-4EB7-4C86-B31B-13A40ADCA9B6}.Release|Any CPU.Build.0 = Release|Any CPU
		{869DF965-64FB-48BC-AD1F-8096860A8ED8}.Debug|Any CPU.ActiveCfg = Debug|Any CPU
		{869DF965-64FB-48BC-AD1F-8096860A8ED8}.Debug|Any CPU.Build.0 = Debug|Any CPU
		{869DF965-64FB-48BC-AD1F-8096860A8ED8}.Release|Any CPU.ActiveCfg = Release|Any CPU
		{869DF965-64FB-48BC-AD1F-8096860A8ED8}.Release|Any CPU.Build.0 = Release|Any CPU
		{DC576F04-406A-426C-83BD-88951334DA22}.Debug|Any CPU.ActiveCfg = Debug|Any CPU
		{DC576F04-406A-426C-83BD-88951334DA22}.Debug|Any CPU.Build.0 = Debug|Any CPU
		{DC576F04-406A-426C-83BD-88951334DA22}.Release|Any CPU.ActiveCfg = Release|Any CPU
		{DC576F04-406A-426C-83BD-88951334DA22}.Release|Any CPU.Build.0 = Release|Any CPU
	EndGlobalSection
	GlobalSection(SolutionProperties) = preSolution
		HideSolutionNode = FALSE
	EndGlobalSection
	GlobalSection(ExtensibilityGlobals) = postSolution
		SolutionGuid = {2F2E38B2-A632-4575-84D8-7032275D4AE7}
	EndGlobalSection
EndGlobal
